
Microsoft Visual Studio Solution File, Format Version 12.00
# Visual Studio Version 16
VisualStudioVersion = 16.0.31112.23
MinimumVisualStudioVersion = 10.0.40219.1
Project("{FAE04EC0-301F-11D3-BF4B-00C04F79EFBC}") = "Recursiva", "Recursiva\Recursiva.csproj", "{8204C5BB-728D-49C1-BD33-A07F494D067B}"
EndProject
Global
	GlobalSection(SolutionConfigurationPlatforms) = preSolution
		Debug|Any CPU = Debug|Any CPU
		Release|Any CPU = Release|Any CPU
	EndGlobalSection
	GlobalSection(ProjectConfigurationPlatforms) = postSolution
		{8204C5BB-728D-49C1-BD33-A07F494D067B}.Debug|Any CPU.ActiveCfg = Debug|Any CPU
		{8204C5BB-728D-49C1-BD33-A07F494D067B}.Debug|Any CPU.Build.0 = Debug|Any CPU
		{8204C5BB-728D-49C1-BD33-A07F494D067B}.Release|Any CPU.ActiveCfg = Release|Any CPU
		{8204C5BB-728D-49C1-BD33-A07F494D067B}.Release|Any CPU.Build.0 = Release|Any CPU
	EndGlobalSection
	GlobalSection(SolutionProperties) = preSolution
		HideSolutionNode = FALSE
	EndGlobalSection
	GlobalSection(ExtensibilityGlobals) = postSolution
		SolutionGuid = {134D8C97-D565-44AF-BBA4-820C50AF11C5}
	EndGlobalSection
EndGlobal
